{
  "name": "Pulse-HWM",
  "lockfileVersion": 3,
  "requires": true,
  "packages": {
    "": {
      "dependencies": {
        "opencode-goal-plugin": "^0.10.0"
      }
    },
    "node_modules/opencode-goal-plugin": {
      "version": "0.10.0",
      "resolved": "https://registry.npmjs.org/opencode-goal-plugin/-/opencode-goal-plugin-0.10.0.tgz",
      "integrity": "sha512-PQ3AgNQcVwdEnoQzDz42NVtov1yKbxOKlrnLdKXOykP0+0OV6eXSUSxKuyjVFVItbbWzoNTc2XjWIsIKF+F4AA==",
      "license": "MIT",
      "dependencies": {
        "zod": "4.5.4"
      },
      "bin": {
        "opencode-goal-plugin": "scripts/verify.mjs"
      },
      "engines": {
        "node": ">=18",
        "opencode": ">=1.17.15 <2"
      }
    },
    "node_modules/zod": {
      "version": "4.5.4",
      "resolved": "https://registry.npmjs.org/zod/-/zod-4.5.4.tgz",
      "integrity": "sha512-sC95tT5iHHH9gtpj6A81kh+NEaRAUFN+qlUPDUbRfOMvNf5QCBqsb3WgvnpVtK5Y+4UfA6KqufotuTvMGiTlsA==",
      "license": "MIT",
      "funding": {
        "url": "https://github.com/sponsors/colinhacks"
      }
    }
  }
}
